# This file is automatically @generated by Cargo.
# It is not intended for manual editing.
version = 3

[[package]]
name = "avcodec"
version = "0.1.0"

[[package]]
name = "avdevice"
version = "0.1.0"

[[package]]
name = "avfilter"
version = "0.1.0"

[[package]]
name = "avformat"
version = "0.1.0"
dependencies = [
 "avutil",
]

[[package]]
name = "avutil"
version = "0.1.0"

[[package]]
name = "fate-runner"
version = "0.1.0"

[[package]]
name = "fftools"
version = "0.1.0"

[[package]]
name = "oracle"
version = "0.1.0"

[[package]]
name = "swresample"
version = "0.1.0"

[[package]]
name = "swscale"
version = "0.1.0"

[[package]]
name = "xtask"
version = "0.1.0"
